PODS:
  - Flutter (1.0.0)
  - flutter_hockey_app (0.0.1):
    - Flutter

DEPENDENCIES:
  - Flutter (from `.symlinks/flutter/ios`)
  - flutter_hockey_app (from `.symlinks/plugins/flutter_hockey_app/ios`)

EXTERNAL SOURCES:
  Flutter:
    :path: ".symlinks/flutter/ios"
  flutter_hockey_app:
    :path: ".symlinks/plugins/flutter_hockey_app/ios"

SPEC CHECKSUMS:
  Flutter: 9d0fac939486c9aba2809b7982dfdbb47a7b0296
  flutter_hockey_app: c5926a330bb7b48a8f3d65b8f055da04c289611b

PODFILE CHECKSUM: 7765ea4305eaab0b3dfd384c7de11902aa3195fd

COCOAPODS: 1.5.3
